
Microsoft Visual Studio Solution File, Format Version 12.00
# Visual Studio Version 17
VisualStudioVersion = 17.11.35327.3
MinimumVisualStudioVersion = 10.0.40219.1
Project("{FAE04EC0-301F-11D3-BF4B-00C04F79EFBC}") = "service_station", "service_station\service_station.csproj", "{5BC2500C-0E5D-45C4-B8F2-BFACF377308B}"
EndProject
Global
	GlobalSection(SolutionConfigurationPlatforms) = preSolution
		Debug|Any CPU = Debug|Any CPU
		Release|Any CPU = Release|Any CPU
	EndGlobalSection
	GlobalSection(ProjectConfigurationPlatforms) = postSolution
		{5BC2500C-0E5D-45C4-B8F2-BFACF377308B}.Debug|Any CPU.ActiveCfg = Debug|Any CPU
		{5BC2500C-0E5D-45C4-B8F2-BFACF377308B}.Debug|Any CPU.Build.0 = Debug|Any CPU
		{5BC2500C-0E5D-45C4-B8F2-BFACF377308B}.Release|Any CPU.ActiveCfg = Release|Any CPU
		{5BC2500C-0E5D-45C4-B8F2-BFACF377308B}.Release|Any CPU.Build.0 = Release|Any CPU
	EndGlobalSection
	GlobalSection(SolutionProperties) = preSolution
		HideSolutionNode = FALSE
	EndGlobalSection
	GlobalSection(ExtensibilityGlobals) = postSolution
		SolutionGuid = {7D4C3075-B6B1-46A4-9CA6-3533CDEF4535}
	EndGlobalSection
EndGlobal
